
Microsoft Visual Studio Solution File, Format Version 12.00
# Visual Studio 15
VisualStudioVersion = 15.0.26730.16
MinimumVisualStudioVersion = 10.0.40219.1
Project("{9A19103F-16F7-4668-BE54-9A1E7A4F7556}") = "Drapper", "Core\Common\Drapper\Drapper.csproj", "{4134680D-2885-4525-8737-BC5CD5ADF326}"
EndProject
Project("{2150E333-8FDC-42A3-9474-1A3956D46DE8}") = "Tests", "Tests", "{4D86D318-A133-4C3F-8672-59473DB28BEA}"
EndProject
Project("{2150E333-8FDC-42A3-9474-1A3956D46DE8}") = "Core", "Core", "{024A9646-9A88-484E-8122-C9B8F78E4521}"
EndProject
Project("{9A19103F-16F7-4668-BE54-9A1E7A4F7556}") = "Drapper.Connectors", "Core\Common\Drapper.Connectors\Drapper.Connectors.csproj", "{8B69A6BF-737D-4E22-B345-C3AFECFFD9BC}"
EndProject
Project("{9A19103F-16F7-4668-BE54-9A1E7A4F7556}") = "Drapper.Readers", "Core\Common\Drapper.Readers\Drapper.Readers.csproj", "{EFBFAB07-6BB3-4088-995E-C4F938DCFCB3}"
EndProject
Project("{9A19103F-16F7-4668-BE54-9A1E7A4F7556}") = "Drapper.Settings", "Core\Common\Drapper.Settings\Drapper.Settings.csproj", "{8FCF86FA-EBEA-4C5C-8262-4EFF3D414545}"
EndProject
Project("{2150E333-8FDC-42A3-9474-1A3956D46DE8}") = "Databases", "Databases", "{EF56FE22-1D52-49D1-BD42-34C34824E51E}"
EndProject
Project("{9A19103F-16F7-4668-BE54-9A1E7A4F7556}") = "Drapper.Connectors.Databases", "Core\Databases\Drapper.Connectors.Databases\Drapper.Connectors.Databases.csproj", "{E2CBCE9A-ECA1-4C03-87DE-E18F35F5BBD3}"
EndProject
Project("{9A19103F-16F7-4668-BE54-9A1E7A4F7556}") = "Drapper.Databases", "Core\Databases\Drapper.Databases\Drapper.Databases.csproj", "{B65A67C2-BDCB-45A4-9164-507D9662BB15}"
EndProject
Project("{9A19103F-16F7-4668-BE54-9A1E7A4F7556}") = "Drapper.Readers.Databases", "Core\Databases\Drapper.Readers.Databases\Drapper.Readers.Databases.csproj", "{4EF0FD45-FFF7-4108-9808-C821CB480D6C}"
EndProject
Project("{9A19103F-16F7-4668-BE54-9A1E7A4F7556}") = "Drapper.Settings.Databases", "Core\Databases\Drapper.Settings.Databases\Drapper.Settings.Databases.csproj", "{5D24714F-29C2-488C-84DF-D317C8E6EDE3}"
EndProject
Project("{9A19103F-16F7-4668-BE54-9A1E7A4F7556}") = "Drapper.Tests.Common", "Core\Tests\Common\Drapper.Tests.Common\Drapper.Tests.Common.csproj", "{609CB316-3DB3-4D4C-83E4-D151D44E5C83}"
EndProject
Project("{9A19103F-16F7-4668-BE54-9A1E7A4F7556}") = "Drapper.Tests.Models", "Core\Tests\Common\Drapper.Tests.Models\Drapper.Tests.Models.csproj", "{FBD63B35-8608-421C-81D2-81AA79E749A6}"
EndProject
Project("{2150E333-8FDC-42A3-9474-1A3956D46DE8}") = "Databases", "Databases", "{6550E600-0049-4FE6-9B7D-339812B15964}"
EndProject
Project("{9A19103F-16F7-4668-BE54-9A1E7A4F7556}") = "Drapper.Databases.Integration.Tests", "Core\Tests\Databases\Drapper.Databases.Integration.Tests\Drapper.Databases.Integration.Tests.csproj", "{A9C4C5AD-94A6-4042-B227-03395E702240}"
EndProject
Project("{9A19103F-16F7-4668-BE54-9A1E7A4F7556}") = "Drapper.Connectors.Databases.Unit.Tests", "Core\Tests\Databases\Drapper.Connectors.Databases.Unit.Tests\Drapper.Connectors.Databases.Unit.Tests.csproj", "{72A66B20-9777-4E79-B65F-FB2016EC5127}"
EndProject
Project("{9A19103F-16F7-4668-BE54-9A1E7A4F7556}") = "Drapper.Readers.Databases.Unit.Tests", "Core\Tests\Databases\Drapper.Readers.Databases.Unit.Tests\Drapper.Readers.Databases.Unit.Tests.csproj", "{E58245B1-3C4B-4502-B09F-688F6AE39301}"
EndProject
Project("{9A19103F-16F7-4668-BE54-9A1E7A4F7556}") = "Drapper.Settings.Databases.Unit.Tests", "Core\Tests\Databases\Drapper.Settings.Databases.Unit.Tests\Drapper.Settings.Databases.Unit.Tests.csproj", "{F24DE946-0976-4CE9-BD7C-DEC3DA61AA93}"
EndProject
Project("{2150E333-8FDC-42A3-9474-1A3956D46DE8}") = "SqlServer", "SqlServer", "{B641FCBD-40DC-4D38-AE71-33F3B65DAA2C}"
EndProject
Project("{9A19103F-16F7-4668-BE54-9A1E7A4F7556}") = "Drapper.SqlServer", "SqlServer\Drapper.SqlServer\Drapper.SqlServer.csproj", "{890AC57A-C563-4E69-A652-1D90EA5E0DE7}"
EndProject
Project("{9A19103F-16F7-4668-BE54-9A1E7A4F7556}") = "Drapper.Connectors.Databases.SqlServer", "SqlServer\Drapper.Connectors.Databases.SqlServer\Drapper.Connectors.Databases.SqlServer.csproj", "{A45E28EF-7338-430F-9EFD-8F1D2ED0060A}"
EndProject
Project("{2150E333-8FDC-42A3-9474-1A3956D46DE8}") = "Tests", "Tests", "{4824A538-28C1-4694-8200-ACC862F9A488}"
EndProject
Project("{9A19103F-16F7-4668-BE54-9A1E7A4F7556}") = "Drapper.SqlServer.Tests", "SqlServer\Drapper.SqlServer.Tests\Drapper.SqlServer.Tests.csproj", "{85A3BC81-5C96-4345-A1CB-BE38A6633FE5}"
EndProject
Project("{9A19103F-16F7-4668-BE54-9A1E7A4F7556}") = "Drapper.Connectors.Databases.SqlServer.Unit.Tests", "SqlServer\Drapper.Connectors.Databases.SqlServer.Unit.Tests\Drapper.Connectors.Databases.SqlServer.Unit.Tests.csproj", "{FAA15F3C-5E49-4BC1-A8E2-37E12DA0D6DF}"
EndProject
Project("{2150E333-8FDC-42A3-9474-1A3956D46DE8}") = "MySql", "MySql", "{58BD44A9-582B-46E5-B82D-F26DBB54F846}"
EndProject
Project("{9A19103F-16F7-4668-BE54-9A1E7A4F7556}") = "Drapper.Connectors.Databases.MySql", "MySql\Drapper.Connectors.Databases.MySql\Drapper.Connectors.Databases.MySql.csproj", "{EF390BBE-4B83-4856-8F58-22C5D64DCB3B}"
EndProject
Project("{2150E333-8FDC-42A3-9474-1A3956D46DE8}") = "Tests", "Tests", "{75F13114-1503-419F-AC39-D4DF98AFC7E1}"
EndProject
Project("{FAE04EC0-301F-11D3-BF4B-00C04F79EFBC}") = "Drapper.MySql", "MySql\Drapper.MySql\Drapper.MySql.csproj", "{88ADE26E-3227-46A2-B9F9-E57C5023675E}"
EndProject
Project("{FAE04EC0-301F-11D3-BF4B-00C04F79EFBC}") = "Drapper.MySql.Integration.Tests", "MySql\Drapper.MySql.Integration.Tests\Drapper.MySql.Integration.Tests.csproj", "{E7B00030-9604-4264-801E-8ADF7484F921}"
EndProject
Global
	GlobalSection(SolutionConfigurationPlatforms) = preSolution
		Debug|Any CPU = Debug|Any CPU
		Release|Any CPU = Release|Any CPU
	EndGlobalSection
	GlobalSection(ProjectConfigurationPlatforms) = postSolution
		{4134680D-2885-4525-8737-BC5CD5ADF326}.Debug|Any CPU.ActiveCfg = Debug|Any CPU
		{4134680D-2885-4525-8737-BC5CD5ADF326}.Debug|Any CPU.Build.0 = Debug|Any CPU
		{4134680D-2885-4525-8737-BC5CD5ADF326}.Release|Any CPU.ActiveCfg = Release|Any CPU
		{4134680D-2885-4525-8737-BC5CD5ADF326}.Release|Any CPU.Build.0 = Release|Any CPU
		{8B69A6BF-737D-4E22-B345-C3AFECFFD9BC}.Debug|Any CPU.ActiveCfg = Debug|Any CPU
		{8B69A6BF-737D-4E22-B345-C3AFECFFD9BC}.Debug|Any CPU.Build.0 = Debug|Any CPU
		{8B69A6BF-737D-4E22-B345-C3AFECFFD9BC}.Release|Any CPU.ActiveCfg = Release|Any CPU
		{8B69A6BF-737D-4E22-B345-C3AFECFFD9BC}.Release|Any CPU.Build.0 = Release|Any CPU
		{EFBFAB07-6BB3-4088-995E-C4F938DCFCB3}.Debug|Any CPU.ActiveCfg = Debug|Any CPU
		{EFBFAB07-6BB3-4088-995E-C4F938DCFCB3}.Debug|Any CPU.Build.0 = Debug|Any CPU
		{EFBFAB07-6BB3-4088-995E-C4F938DCFCB3}.Release|Any CPU.ActiveCfg = Release|Any CPU
		{EFBFAB07-6BB3-4088-995E-C4F938DCFCB3}.Release|Any CPU.Build.0 = Release|Any CPU
		{8FCF86FA-EBEA-4C5C-8262-4EFF3D414545}.Debug|Any CPU.ActiveCfg = Debug|Any CPU
		{8FCF86FA-EBEA-4C5C-8262-4EFF3D414545}.Debug|Any CPU.Build.0 = Debug|Any CPU
		{8FCF86FA-EBEA-4C5C-8262-4EFF3D414545}.Release|Any CPU.ActiveCfg = Release|Any CPU
		{8FCF86FA-EBEA-4C5C-8262-4EFF3D414545}.Release|Any CPU.Build.0 = Release|Any CPU
		{E2CBCE9A-ECA1-4C03-87DE-E18F35F5BBD3}.Debug|Any CPU.ActiveCfg = Debug|Any CPU
		{E2CBCE9A-ECA1-4C03-87DE-E18F35F5BBD3}.Debug|Any CPU.Build.0 = Debug|Any CPU
		{E2CBCE9A-ECA1-4C03-87DE-E18F35F5BBD3}.Release|Any CPU.ActiveCfg = Release|Any CPU
		{E2CBCE9A-ECA1-4C03-87DE-E18F35F5BBD3}.Release|Any CPU.Build.0 = Release|Any CPU
		{B65A67C2-BDCB-45A4-9164-507D9662BB15}.Debug|Any CPU.ActiveCfg = Debug|Any CPU
		{B65A67C2-BDCB-45A4-9164-507D9662BB15}.Debug|Any CPU.Build.0 = Debug|Any CPU
		{B65A67C2-BDCB-45A4-9164-507D9662BB15}.Release|Any CPU.ActiveCfg = Release|Any CPU
		{B65A67C2-BDCB-45A4-9164-507D9662BB15}.Release|Any CPU.Build.0 = Release|Any CPU
		{4EF0FD45-FFF7-4108-9808-C821CB480D6C}.Debug|Any CPU.ActiveCfg = Debug|Any CPU
		{4EF0FD45-FFF7-4108-9808-C821CB480D6C}.Debug|Any CPU.Build.0 = Debug|Any CPU
		{4EF0FD45-FFF7-4108-9808-C821CB480D6C}.Release|Any CPU.ActiveCfg = Release|Any CPU
		{4EF0FD45-FFF7-4108-9808-C821CB480D6C}.Release|Any CPU.Build.0 = Release|Any CPU
		{5D24714F-29C2-488C-84DF-D317C8E6EDE3}.Debug|Any CPU.ActiveCfg = Debug|Any CPU
		{5D24714F-29C2-488C-84DF-D317C8E6EDE3}.Debug|Any CPU.Build.0 = Debug|Any CPU
		{5D24714F-29C2-488C-84DF-D317C8E6EDE3}.Release|Any CPU.ActiveCfg = Release|Any CPU
		{5D24714F-29C2-488C-84DF-D317C8E6EDE3}.Release|Any CPU.Build.0 = Release|Any CPU
		{609CB316-3DB3-4D4C-83E4-D151D44E5C83}.Debug|Any CPU.ActiveCfg = Debug|Any CPU
		{609CB316-3DB3-4D4C-83E4-D151D44E5C83}.Debug|Any CPU.Build.0 = Debug|Any CPU
		{609CB316-3DB3-4D4C-83E4-D151D44E5C83}.Release|Any CPU.ActiveCfg = Release|Any CPU
		{609CB316-3DB3-4D4C-83E4-D151D44E5C83}.Release|Any CPU.Build.0 = Release|Any CPU
		{FBD63B35-8608-421C-81D2-81AA79E749A6}.Debug|Any CPU.ActiveCfg = Debug|Any CPU
		{FBD63B35-8608-421C-81D2-81AA79E749A6}.Debug|Any CPU.Build.0 = Debug|Any CPU
		{FBD63B35-8608-421C-81D2-81AA79E749A6}.Release|Any CPU.ActiveCfg = Release|Any CPU
		{FBD63B35-8608-421C-81D2-81AA79E749A6}.Release|Any CPU.Build.0 = Release|Any CPU
		{A9C4C5AD-94A6-4042-B227-03395E702240}.Debug|Any CPU.ActiveCfg = Debug|Any CPU
		{A9C4C5AD-94A6-4042-B227-03395E702240}.Debug|Any CPU.Build.0 = Debug|Any CPU
		{A9C4C5AD-94A6-4042-B227-03395E702240}.Release|Any CPU.ActiveCfg = Release|Any CPU
		{A9C4C5AD-94A6-4042-B227-03395E702240}.Release|Any CPU.Build.0 = Release|Any CPU
		{72A66B20-9777-4E79-B65F-FB2016EC5127}.Debug|Any CPU.ActiveCfg = Debug|Any CPU
		{72A66B20-9777-4E79-B65F-FB2016EC5127}.Debug|Any CPU.Build.0 = Debug|Any CPU
		{72A66B20-9777-4E79-B65F-FB2016EC5127}.Release|Any CPU.ActiveCfg = Release|Any CPU
		{72A66B20-9777-4E79-B65F-FB2016EC5127}.Release|Any CPU.Build.0 = Release|Any CPU
		{E58245B1-3C4B-4502-B09F-688F6AE39301}.Debug|Any CPU.ActiveCfg = Debug|Any CPU
		{E58245B1-3C4B-4502-B09F-688F6AE39301}.Debug|Any CPU.Build.0 = Debug|Any CPU
		{E58245B1-3C4B-4502-B09F-688F6AE39301}.Release|Any CPU.ActiveCfg = Release|Any CPU
		{E58245B1-3C4B-4502-B09F-688F6AE39301}.Release|Any CPU.Build.0 = Release|Any CPU
		{F24DE946-0976-4CE9-BD7C-DEC3DA61AA93}.Debug|Any CPU.ActiveCfg = Debug|Any CPU
		{F24DE946-0976-4CE9-BD7C-DEC3DA61AA93}.Debug|Any CPU.Build.0 = Debug|Any CPU
		{F24DE946-0976-4CE9-BD7C-DEC3DA61AA93}.Release|Any CPU.ActiveCfg = Release|Any CPU
		{F24DE946-0976-4CE9-BD7C-DEC3DA61AA93}.Release|Any CPU.Build.0 = Release|Any CPU
		{890AC57A-C563-4E69-A652-1D90EA5E0DE7}.Debug|Any CPU.ActiveCfg = Debug|Any CPU
		{890AC57A-C563-4E69-A652-1D90EA5E0DE7}.Debug|Any CPU.Build.0 = Debug|Any CPU
		{890AC57A-C563-4E69-A652-1D90EA5E0DE7}.Release|Any CPU.ActiveCfg = Release|Any CPU
		{890AC57A-C563-4E69-A652-1D90EA5E0DE7}.Release|Any CPU.Build.0 = Release|Any CPU
		{A45E28EF-7338-430F-9EFD-8F1D2ED0060A}.Debug|Any CPU.ActiveCfg = Debug|Any CPU
		{A45E28EF-7338-430F-9EFD-8F1D2ED0060A}.Debug|Any CPU.Build.0 = Debug|Any CPU
		{A45E28EF-7338-430F-9EFD-8F1D2ED0060A}.Release|Any CPU.ActiveCfg = Release|Any CPU
		{A45E28EF-7338-430F-9EFD-8F1D2ED0060A}.Release|Any CPU.Build.0 = Release|Any CPU
		{85A3BC81-5C96-4345-A1CB-BE38A6633FE5}.Debug|Any CPU.ActiveCfg = Debug|Any CPU
		{85A3BC81-5C96-4345-A1CB-BE38A6633FE5}.Debug|Any CPU.Build.0 = Debug|Any CPU
		{85A3BC81-5C96-4345-A1CB-BE38A6633FE5}.Release|Any CPU.ActiveCfg = Release|Any CPU
		{85A3BC81-5C96-4345-A1CB-BE38A6633FE5}.Release|Any CPU.Build.0 = Release|Any CPU
		{FAA15F3C-5E49-4BC1-A8E2-37E12DA0D6DF}.Debug|Any CPU.ActiveCfg = Debug|Any CPU
		{FAA15F3C-5E49-4BC1-A8E2-37E12DA0D6DF}.Debug|Any CPU.Build.0 = Debug|Any CPU
		{FAA15F3C-5E49-4BC1-A8E2-37E12DA0D6DF}.Release|Any CPU.ActiveCfg = Release|Any CPU
		{FAA15F3C-5E49-4BC1-A8E2-37E12DA0D6DF}.Release|Any CPU.Build.0 = Release|Any CPU
		{EF390BBE-4B83-4856-8F58-22C5D64DCB3B}.Debug|Any CPU.ActiveCfg = Debug|Any CPU
		{EF390BBE-4B83-4856-8F58-22C5D64DCB3B}.Debug|Any CPU.Build.0 = Debug|Any CPU
		{EF390BBE-4B83-4856-8F58-22C5D64DCB3B}.Release|Any CPU.ActiveCfg = Release|Any CPU
		{EF390BBE-4B83-4856-8F58-22C5D64DCB3B}.Release|Any CPU.Build.0 = Release|Any CPU
		{88ADE26E-3227-46A2-B9F9-E57C5023675E}.Debug|Any CPU.ActiveCfg = Debug|Any CPU
		{88ADE26E-3227-46A2-B9F9-E57C5023675E}.Debug|Any CPU.Build.0 = Debug|Any CPU
		{88ADE26E-3227-46A2-B9F9-E57C5023675E}.Release|Any CPU.ActiveCfg = Release|Any CPU
		{88ADE26E-3227-46A2-B9F9-E57C5023675E}.Release|Any CPU.Build.0 = Release|Any CPU
		{E7B00030-9604-4264-801E-8ADF7484F921}.Debug|Any CPU.ActiveCfg = Debug|Any CPU
		{E7B00030-9604-4264-801E-8ADF7484F921}.Debug|Any CPU.Build.0 = Debug|Any CPU
		{E7B00030-9604-4264-801E-8ADF7484F921}.Release|Any CPU.ActiveCfg = Release|Any CPU
		{E7B00030-9604-4264-801E-8ADF7484F921}.Release|Any CPU.Build.0 = Release|Any CPU
	EndGlobalSection
	GlobalSection(SolutionProperties) = preSolution
		HideSolutionNode = FALSE
	EndGlobalSection
	GlobalSection(NestedProjects) = preSolution
		{4134680D-2885-4525-8737-BC5CD5ADF326} = {024A9646-9A88-484E-8122-C9B8F78E4521}
		{4D86D318-A133-4C3F-8672-59473DB28BEA} = {024A9646-9A88-484E-8122-C9B8F78E4521}
		{8B69A6BF-737D-4E22-B345-C3AFECFFD9BC} = {024A9646-9A88-484E-8122-C9B8F78E4521}
		{EFBFAB07-6BB3-4088-995E-C4F938DCFCB3} = {024A9646-9A88-484E-8122-C9B8F78E4521}
		{8FCF86FA-EBEA-4C5C-8262-4EFF3D414545} = {024A9646-9A88-484E-8122-C9B8F78E4521}
		{EF56FE22-1D52-49D1-BD42-34C34824E51E} = {024A9646-9A88-484E-8122-C9B8F78E4521}
		{E2CBCE9A-ECA1-4C03-87DE-E18F35F5BBD3} = {EF56FE22-1D52-49D1-BD42-34C34824E51E}
		{B65A67C2-BDCB-45A4-9164-507D9662BB15} = {EF56FE22-1D52-49D1-BD42-34C34824E51E}
		{4EF0FD45-FFF7-4108-9808-C821CB480D6C} = {EF56FE22-1D52-49D1-BD42-34C34824E51E}
		{5D24714F-29C2-488C-84DF-D317C8E6EDE3} = {EF56FE22-1D52-49D1-BD42-34C34824E51E}
		{609CB316-3DB3-4D4C-83E4-D151D44E5C83} = {4D86D318-A133-4C3F-8672-59473DB28BEA}
		{FBD63B35-8608-421C-81D2-81AA79E749A6} = {4D86D318-A133-4C3F-8672-59473DB28BEA}
		{6550E600-0049-4FE6-9B7D-339812B15964} = {4D86D318-A133-4C3F-8672-59473DB28BEA}
		{A9C4C5AD-94A6-4042-B227-03395E702240} = {6550E600-0049-4FE6-9B7D-339812B15964}
		{72A66B20-9777-4E79-B65F-FB2016EC5127} = {6550E600-0049-4FE6-9B7D-339812B15964}
		{E58245B1-3C4B-4502-B09F-688F6AE39301} = {6550E600-0049-4FE6-9B7D-339812B15964}
		{F24DE946-0976-4CE9-BD7C-DEC3DA61AA93} = {6550E600-0049-4FE6-9B7D-339812B15964}
		{890AC57A-C563-4E69-A652-1D90EA5E0DE7} = {B641FCBD-40DC-4D38-AE71-33F3B65DAA2C}
		{A45E28EF-7338-430F-9EFD-8F1D2ED0060A} = {B641FCBD-40DC-4D38-AE71-33F3B65DAA2C}
		{4824A538-28C1-4694-8200-ACC862F9A488} = {B641FCBD-40DC-4D38-AE71-33F3B65DAA2C}
		{85A3BC81-5C96-4345-A1CB-BE38A6633FE5} = {4824A538-28C1-4694-8200-ACC862F9A488}
		{FAA15F3C-5E49-4BC1-A8E2-37E12DA0D6DF} = {4824A538-28C1-4694-8200-ACC862F9A488}
		{EF390BBE-4B83-4856-8F58-22C5D64DCB3B} = {58BD44A9-582B-46E5-B82D-F26DBB54F846}
		{75F13114-1503-419F-AC39-D4DF98AFC7E1} = {58BD44A9-582B-46E5-B82D-F26DBB54F846}
		{88ADE26E-3227-46A2-B9F9-E57C5023675E} = {58BD44A9-582B-46E5-B82D-F26DBB54F846}
		{E7B00030-9604-4264-801E-8ADF7484F921} = {75F13114-1503-419F-AC39-D4DF98AFC7E1}
	EndGlobalSection
	GlobalSection(ExtensibilityGlobals) = postSolution
		SolutionGuid = {7CB3DBA5-19E9-4EC2-9D40-02AD42D59904}
	EndGlobalSection
EndGlobal
